
Microsoft Visual Studio Solution File, Format Version 12.00
# Visual Studio 15
VisualStudioVersion = 15.0.28307.902
MinimumVisualStudioVersion = 10.0.40219.1
Project("{FAE04EC0-301F-11D3-BF4B-00C04F79EFBC}") = "Node1", "Node1\Node1.csproj", "{F0E998E4-2F8A-490A-B56A-73A143792C14}"
EndProject
Global
	GlobalSection(SolutionConfigurationPlatforms) = preSolution
		Debug|Any CPU = Debug|Any CPU
		Release|Any CPU = Release|Any CPU
	EndGlobalSection
	GlobalSection(ProjectConfigurationPlatforms) = postSolution
		{F0E998E4-2F8A-490A-B56A-73A143792C14}.Debug|Any CPU.ActiveCfg = Debug|Any CPU
		{F0E998E4-2F8A-490A-B56A-73A143792C14}.Debug|Any CPU.Build.0 = Debug|Any CPU
		{F0E998E4-2F8A-490A-B56A-73A143792C14}.Release|Any CPU.ActiveCfg = Release|Any CPU
		{F0E998E4-2F8A-490A-B56A-73A143792C14}.Release|Any CPU.Build.0 = Release|Any CPU
	EndGlobalSection
	GlobalSection(SolutionProperties) = preSolution
		HideSolutionNode = FALSE
	EndGlobalSection
	GlobalSection(ExtensibilityGlobals) = postSolution
		SolutionGuid = {6903F531-F95B-4741-B345-19658E423444}
	EndGlobalSection
EndGlobal
